// !$*UTF8*$!
{
	archiveVersion = 1;
	classes = {
	};
	objectVersion = 48;
	objects = {

/* Begin PBXBuildFile section */
		629D77AC1FAA43EE00AEB1FC /* AppDelegate.swift in Sources */ = {isa = PBXBuildFile; fileRef = 629D77AB1FAA43EE00AEB1FC /* AppDelegate.swift */; };
		629D77AE1FAA43EE00AEB1FC /* ViewController.swift in Sources */ = {isa = PBXBuildFile; fileRef = 629D77AD1FAA43EE00AEB1FC /* ViewController.swift */; };
		629D77B11FAA43EE00AEB1FC /* Main.storyboard in Resources */ = {isa = PBXBuildFile; fileRef = 629D77AF1FAA43EE00AEB1FC /* Main.storyboard */; };
		629D77B31FAA43EE00AEB1FC /* Assets.xcassets in Resources */ = {isa = PBXBuildFile; fileRef = 629D77B21FAA43EE00AEB1FC /* Assets.xcassets */; };
		629D77B61FAA43EE00AEB1FC /* LaunchScreen.storyboard in Resources */ = {isa = PBXBuildFile; fileRef = 629D77B41FAA43EE00AEB1FC /* LaunchScreen.storyboard */; };
		629D77BE1FAA46B700AEB1FC /* DetalhesViewController.swift in Sources */ = {isa = PBXBuildFile; fileRef = 629D77BD1FAA46B700AEB1FC /* DetalhesViewController.swift */; };
/* End PBXBuildFile section */

/* Begin PBXFileReference section */
		629D77A81FAA43EE00AEB1FC /* Passando dados.app */ = {isa = PBXFileReference; explicitFileType = wrapper.application; includeInIndex = 0; path = "Passando dados.app"; sourceTree = BUILT_PRODUCTS_DIR; };
		629D77AB1FAA43EE00AEB1FC /* AppDelegate.swift */ = {isa = PBXFileReference; lastKnownFileType = sourcecode.swift; path = AppDelegate.swift; sourceTree = "<group>"; };
		629D77AD1FAA43EE00AEB1FC /* ViewController.swift */ = {isa = PBXFileReference; lastKnownFileType = sourcecode.swift; path = ViewController.swift; sourceTree = "<group>"; };
		629D77B01FAA43EE00AEB1FC /* Base */ = {isa = PBXFileReference; lastKnownFileType = file.storyboard; name = Base; path = Base.lproj/Main.storyboard; sourceTree = "<group>"; };
		629D77B21FAA43EE00AEB1FC /* Assets.xcassets */ = {isa = PBXFileReference; lastKnownFileType = folder.assetcatalog; path = Assets.xcassets; sourceTree = "<group>"; };
		629D77B51FAA43EE00AEB1FC /* Base */ = {isa = PBXFileReference; lastKnownFileType = file.storyboard; name = Base; path = Base.lproj/LaunchScreen.storyboard; sourceTree = "<group>"; };
		629D77B71FAA43EE00AEB1FC /* Info.plist */ = {isa = PBXFileReference; lastKnownFileType = text.plist.xml; path = Info.plist; sourceTree = "<group>"; };
		629D77BD1FAA46B700AEB1FC /* DetalhesViewController.swift */ = {isa = PBXFileReference; lastKnownFileType = sourcecode.swift; path = DetalhesViewController.swift; sourceTree = "<group>"; };
/* End PBXFileReference section */

/* Begin PBXFrameworksBuildPhase section */
		629D77A51FAA43EE00AEB1FC /* Frameworks */ = {
			isa = PBXFrameworksBuildPhase;
			buildActionMask = 2147483647;
			files = (
			);
			runOnlyForDeploymentPostprocessing = 0;
		};
/* End PBXFrameworksBuildPhase section */

/* Begin PBXGroup section */
		629D779F1FAA43EE00AEB1FC = {
			isa = PBXGroup;
			children = (
				629D77AA1FAA43EE00AEB1FC /* Passando dados */,
				629D77A91FAA43EE00AEB1FC /* Products */,
			);
			sourceTree = "<group>";
		};
		629D77A91FAA43EE00AEB1FC /* Products */ = {
			isa = PBXGroup;
			children = (
				629D77A81FAA43EE00AEB1FC /* Passando dados.app */,
			);
			name = Products;
			sourceTree = "<group>";
		};
		629D77AA1FAA43EE00AEB1FC /* Passando dados */ = {
			isa = PBXGroup;
			children = (
				629D77AB1FAA43EE00AEB1FC /* AppDelegate.swift */,
				629D77BD1FAA46B700AEB1FC /* DetalhesViewController.swift */,
				629D77AD1FAA43EE00AEB1FC /* ViewController.swift */,
				629D77AF1FAA43EE00AEB1FC /* Main.storyboard */,
				629D77B21FAA43EE00AEB1FC /* Assets.xcassets */,
				629D77B41FAA43EE00AEB1FC /* LaunchScreen.storyboard */,
				629D77B71FAA43EE00AEB1FC /* Info.plist */,
			);
			path = "Passando dados";
			sourceTree = "<group>";
		};
/* End PBXGroup section */

/* Begin PBXNativeTarget section */
		629D77A71FAA43EE00AEB1FC /* Passando dados */ = {
			isa = PBXNativeTarget;
			buildConfigurationList = 629D77BA1FAA43EE00AEB1FC /* Build configuration list for PBXNativeTarget "Passando dados" */;
			buildPhases = (
				629D77A41FAA43EE00AEB1FC /* Sources */,
				629D77A51FAA43EE00AEB1FC /* Frameworks */,
				629D77A61FAA43EE00AEB1FC /* Resources */,
			);
			buildRules = (
			);
			dependencies = (
			);
			name = "Passando dados";
			productName = "Passando dados";
			productReference = 629D77A81FAA43EE00AEB1FC /* Passando dados.app */;
			productType = "com.apple.product-type.application";
		};
/* End PBXNativeTarget section */

/* Begin PBXProject section */
		629D77A01FAA43EE00AEB1FC /* Project object */ = {
			isa = PBXProject;
			attributes = {
				LastSwiftUpdateCheck = 0900;
				LastUpgradeCheck = 0900;
				ORGANIZATIONNAME = "Rodrigo Abreu";
				TargetAttributes = {
					629D77A71FAA43EE00AEB1FC = {
						CreatedOnToolsVersion = 9.0.1;
						ProvisioningStyle = Automatic;
					};
				};
			};
			buildConfigurationList = 629D77A31FAA43EE00AEB1FC /* Build configuration list for PBXProject "Passando dados" */;
			compatibilityVersion = "Xcode 8.0";
			developmentRegion = en;
			hasScannedForEncodings = 0;
			knownRegions = (
				en,
				Base,
			);
			mainGroup = 629D779F1FAA43EE00AEB1FC;
			productRefGroup = 629D77A91FAA43EE00AEB1FC /* Products */;
			projectDirPath = "";
			projectRoot = "";
			targets = (
				629D77A71FAA43EE00AEB1FC /* Passando dados */,
			);
		};
/* End PBXProject section */

/* Begin PBXResourcesBuildPhase section */
		629D77A61FAA43EE00AEB1FC /* Resources */ = {
			isa = PBXResourcesBuildPhase;
			buildActionMask = 2147483647;
			files = (
				629D77B61FAA43EE00AEB1FC /* LaunchScreen.storyboard in Resources */,
				629D77B31FAA43EE00AEB1FC /* Assets.xcassets in Resources */,
				629D77B11FAA43EE00AEB1FC /* Main.storyboard in Resources */,
			);
			runOnlyForDeploymentPostprocessing = 0;
		};
/* End PBXResourcesBuildPhase section */

/* Begin PBXSourcesBuildPhase section */
		629D77A41FAA43EE00AEB1FC /* Sources */ = {
			isa = PBXSourcesBuildPhase;
			buildActionMask = 2147483647;
			files = (
				629D77AE1FAA43EE00AEB1FC /* ViewController.swift in Sources */,
				629D77AC1FAA43EE00AEB1FC /* AppDelegate.swift in Sources */,
				629D77BE1FAA46B700AEB1FC /* DetalhesViewController.swift in Sources */,
			);
			runOnlyForDeploymentPostprocessing = 0;
		};
/* End PBXSourcesBuildPhase section */

/* Begin PBXVariantGroup section */
		629D77AF1FAA43EE00AEB1FC /* Main.storyboard */ = {
			isa = PBXVariantGroup;
			children = (
				629D77B01FAA43EE00AEB1FC /* Base */,
			);
			name = Main.storyboard;
			sourceTree = "<group>";
		};
		629D77B41FAA43EE00AEB1FC /* LaunchScreen.storyboard */ = {
			isa = PBXVariantGroup;
			children = (
				629D77B51FAA43EE00AEB1FC /* Base */,
			);
			name = LaunchScreen.storyboard;
			sourceTree = "<group>";
		};
/* End PBXVariantGroup section */

/* Begin XCBuildConfiguration section */
		629D77B81FAA43EE00AEB1FC /* Debug */ = {
			isa = XCBuildConfiguration;
			buildSettings = {
				ALWAYS_SEARCH_USER_PATHS = NO;
				CLANG_ANALYZER_NONNULL = YES;
				CLANG_ANALYZER_NUMBER_OBJECT_CONVERSION = YES_AGGRESSIVE;
				CLANG_CXX_LANGUAGE_STANDARD = "gnu++14";
				CLANG_CXX_LIBRARY = "libc++";
				CLANG_ENABLE_MODULES = YES;
				CLANG_ENABLE_OBJC_ARC = YES;
				CLANG_WARN_BLOCK_CAPTURE_AUTORELEASING = YES;
				CLANG_WARN_BOOL_CONVERSION = YES;
				CLANG_WARN_COMMA = YES;
				CLANG_WARN_CONSTANT_CONVERSION = YES;
				CLANG_WARN_DIRECT_OBJC_ISA_USAGE = YES_ERROR;
				CLANG_WARN_DOCUMENTATION_COMMENTS = YES;
				CLANG_WARN_EMPTY_BODY = YES;
				CLANG_WARN_ENUM_CONVERSION = YES;
				CLANG_WARN_INFINITE_RECURSION = YES;
				CLANG_WARN_INT_CONVERSION = YES;
				CLANG_WARN_NON_LITERAL_NULL_CONVERSION = YES;
				CLANG_WARN_OBJC_LITERAL_CONVERSION = YES;
				CLANG_WARN_OBJC_ROOT_CLASS = YES_ERROR;
				CLANG_WARN_RANGE_LOOP_ANALYSIS = YES;
				CLANG_WARN_STRICT_PROTOTYPES = YES;
				CLANG_WARN_SUSPICIOUS_MOVE = YES;
				CLANG_WARN_UNGUARDED_AVAILABILITY = YES_AGGRESSIVE;
				CLANG_WARN_UNREACHABLE_CODE = YES;
				CLANG_WARN__DUPLICATE_METHOD_MATCH = YES;
				CODE_SIGN_IDENTITY = "iPhone Developer";
				COPY_PHASE_STRIP = NO;
				DEBUG_INFORMATION_FORMAT = dwarf;
				ENABLE_STRICT_OBJC_MSGSEND = YES;
				ENABLE_TESTABILITY = YES;
				GCC_C_LANGUAGE_STANDARD = gnu11;
				GCC_DYNAMIC_NO_PIC = NO;
				GCC_NO_COMMON_BLOCKS = YES;
				GCC_OPTIMIZATION_LEVEL = 0;
				GCC_PREPROCESSOR_DEFINITIONS = (
					"DEBUG=1",
					"$(inherited)",
				);
				GCC_WARN_64_TO_32_BIT_CONVERSION = YES;
				GCC_WARN_ABOUT_RETURN_TYPE = YES_ERROR;
				GCC_WARN_UNDECLARED_SELECTOR = YES;
				GCC_WARN_UNINITIALIZED_AUTOS = YES_AGGRESSIVE;
				GCC_WARN_UNUSED_FUNCTION = YES;
				GCC_WARN_UNUSED_VARIABLE = YES;
				IPHONEOS_DEPLOYMENT_TARGET = 11.0;
				MTL_ENABLE_DEBUG_INFO = YES;
				ONLY_ACTIVE_ARCH = YES;
				SDKROOT = iphoneos;
				SWIFT_ACTIVE_COMPILATION_CONDITIONS = DEBUG;
				SWIFT_OPTIMIZATION_LEVEL = "-Onone";
			};
			name = Debug;
		};
		629D77B91FAA43EE00AEB1FC /* Release */ = {
			isa = XCBuildConfiguration;
			buildSettings = {
				ALWAYS_SEARCH_USER_PATHS = NO;
				CLANG_ANALYZER_NONNULL = YES;
				CLANG_ANALYZER_NUMBER_OBJECT_CONVERSION = YES_AGGRESSIVE;
				CLANG_CXX_LANGUAGE_STANDARD = "gnu++14";
				CLANG_CXX_LIBRARY = "libc++";
				CLANG_ENABLE_MODULES = YES;
				CLANG_ENABLE_OBJC_ARC = YES;
				CLANG_WARN_BLOCK_CAPTURE_AUTORELEASING = YES;
				CLANG_WARN_BOOL_CONVERSION = YES;
				CLANG_WARN_COMMA = YES;
				CLANG_WARN_CONSTANT_CONVERSION = YES;
				CLANG_WARN_DIRECT_OBJC_ISA_USAGE = YES_ERROR;
				CLANG_WARN_DOCUMENTATION_COMMENTS = YES;
				CLANG_WARN_EMPTY_BODY = YES;
				CLANG_WARN_ENUM_CONVERSION = YES;
				CLANG_WARN_INFINITE_RECURSION = YES;
				CLANG_WARN_INT_CONVERSION = YES;
				CLANG_WARN_NON_LITERAL_NULL_CONVERSION = YES;
				CLANG_WARN_OBJC_LITERAL_CONVERSION = YES;
				CLANG_WARN_OBJC_ROOT_CLASS = YES_ERROR;
				CLANG_WARN_RANGE_LOOP_ANALYSIS = YES;
				CLANG_WARN_STRICT_PROTOTYPES = YES;
				CLANG_WARN_SUSPICIOUS_MOVE = YES;
				CLANG_WARN_UNGUARDED_AVAILABILITY = YES_AGGRESSIVE;
				CLANG_WARN_UNREACHABLE_CODE = YES;
				CLANG_WARN__DUPLICATE_METHOD_MATCH = YES;
				CODE_SIGN_IDENTITY = "iPhone Developer";
				COPY_PHASE_STRIP = NO;
				DEBUG_INFORMATION_FORMAT = "dwarf-with-dsym";
				ENABLE_NS_ASSERTIONS = NO;
				ENABLE_STRICT_OBJC_MSGSEND = YES;
				GCC_C_LANGUAGE_STANDARD = gnu11;
				GCC_NO_COMMON_BLOCKS = YES;
				GCC_WARN_64_TO_32_BIT_CONVERSION = YES;
				GCC_WARN_ABOUT_RETURN_TYPE = YES_ERROR;
				GCC_WARN_UNDECLARED_SELECTOR = YES;
				GCC_WARN_UNINITIALIZED_AUTOS = YES_AGGRESSIVE;
				GCC_WARN_UNUSED_FUNCTION = YES;
				GCC_WARN_UNUSED_VARIABLE = YES;
				IPHONEOS_DEPLOYMENT_TARGET = 11.0;
				MTL_ENABLE_DEBUG_INFO = NO;
				SDKROOT = iphoneos;
				SWIFT_OPTIMIZATION_LEVEL = "-Owholemodule";
				VALIDATE_PRODUCT = YES;
			};
			name = Release;
		};
		629D77BB1FAA43EE00AEB1FC /* Debug */ = {
			isa = XCBuildConfiguration;
			buildSettings = {
				ASSETCATALOG_COMPILER_APPICON_NAME = AppIcon;
				CODE_SIGN_STYLE = Automatic;
				DEVELOPMENT_TEAM = 37J9BA46N5;
				INFOPLIST_FILE = "Passando dados/Info.plist";
				LD_RUNPATH_SEARCH_PATHS = "$(inherited) @executable_path/Frameworks";
				PRODUCT_BUNDLE_IDENTIFIER = "br.net.tleste.Passando-dados";
				PRODUCT_NAME = "$(TARGET_NAME)";
				SWIFT_VERSION = 4.0;
				TARGETED_DEVICE_FAMILY = "1,2";
			};
			name = Debug;
		};
		629D77BC1FAA43EE00AEB1FC /* Release */ = {
			isa = XCBuildConfiguration;
			buildSettings = {
				ASSETCATALOG_COMPILER_APPICON_NAME = AppIcon;
				CODE_SIGN_STYLE = Automatic;
				DEVELOPMENT_TEAM = 37J9BA46N5;
				INFOPLIST_FILE = "Passando dados/Info.plist";
				LD_RUNPATH_SEARCH_PATHS = "$(inherited) @executable_path/Frameworks";
				PRODUCT_BUNDLE_IDENTIFIER = "br.net.tleste.Passando-dados";
				PRODUCT_NAME = "$(TARGET_NAME)";
				SWIFT_VERSION = 4.0;
				TARGETED_DEVICE_FAMILY = "1,2";
			};
			name = Release;
		};
/* End XCBuildConfiguration section */

/* Begin XCConfigurationList section */
		629D77A31FAA43EE00AEB1FC /* Build configuration list for PBXProject "Passando dados" */ = {
			isa = XCConfigurationList;
			buildConfigurations = (
				629D77B81FAA43EE00AEB1FC /* Debug */,
				629D77B91FAA43EE00AEB1FC /* Release */,
			);
			defaultConfigurationIsVisible = 0;
			defaultConfigurationName = Release;
		};
		629D77BA1FAA43EE00AEB1FC /* Build configuration list for PBXNativeTarget "Passando dados" */ = {
			isa = XCConfigurationList;
			buildConfigurations = (
				629D77BB1FAA43EE00AEB1FC /* Debug */,
				629D77BC1FAA43EE00AEB1FC /* Release */,
			);
			defaultConfigurationIsVisible = 0;
			defaultConfigurationName = Release;
		};
/* End XCConfigurationList section */
	};
	rootObject = 629D77A01FAA43EE00AEB1FC /* Project object */;
}
